
Microsoft Visual Studio Solution File, Format Version 12.00
Project("{FAE04EC0-301F-11D3-BF4B-00C04F79EFBC}") = "CsvJsonParser", "CsvJsonParser\CsvJsonParser.csproj", "{5FC09624-BAEC-4362-85FE-EB0F4F08FE8C}"
EndProject
Global
	GlobalSection(SolutionConfigurationPlatforms) = preSolution
		Debug|Any CPU = Debug|Any CPU
		Release|Any CPU = Release|Any CPU
	EndGlobalSection
	GlobalSection(ProjectConfigurationPlatforms) = postSolution
		{5FC09624-BAEC-4362-85FE-EB0F4F08FE8C}.Debug|Any CPU.ActiveCfg = Debug|Any CPU
		{5FC09624-BAEC-4362-85FE-EB0F4F08FE8C}.Debug|Any CPU.Build.0 = Debug|Any CPU
		{5FC09624-BAEC-4362-85FE-EB0F4F08FE8C}.Release|Any CPU.ActiveCfg = Release|Any CPU
		{5FC09624-BAEC-4362-85FE-EB0F4F08FE8C}.Release|Any CPU.Build.0 = Release|Any CPU
	EndGlobalSection
EndGlobal
